
Microsoft Visual Studio Solution File, Format Version 12.00
# Visual Studio Version 16
VisualStudioVersion = 16.0.29009.5
MinimumVisualStudioVersion = 10.0.40219.1
Project("{FAE04EC0-301F-11D3-BF4B-00C04F79EFBC}") = "WpfApp6", "WpfApp6\WpfApp6.csproj", "{D5EECF0F-E8BC-4949-9369-322EB4220709}"
EndProject
Global
	GlobalSection(SolutionConfigurationPlatforms) = preSolution
		Debug|Any CPU = Debug|Any CPU
		Release|Any CPU = Release|Any CPU
	EndGlobalSection
	GlobalSection(ProjectConfigurationPlatforms) = postSolution
		{D5EECF0F-E8BC-4949-9369-322EB4220709}.Debug|Any CPU.ActiveCfg = Debug|Any CPU
		{D5EECF0F-E8BC-4949-9369-322EB4220709}.Debug|Any CPU.Build.0 = Debug|Any CPU
		{D5EECF0F-E8BC-4949-9369-322EB4220709}.Release|Any CPU.ActiveCfg = Release|Any CPU
		{D5EECF0F-E8BC-4949-9369-322EB4220709}.Release|Any CPU.Build.0 = Release|Any CPU
	EndGlobalSection
	GlobalSection(SolutionProperties) = preSolution
		HideSolutionNode = FALSE
	EndGlobalSection
	GlobalSection(ExtensibilityGlobals) = postSolution
		SolutionGuid = {42306EDB-5C09-4E19-B6C6-F3976A0BBE94}
	EndGlobalSection
EndGlobal
